// !$*UTF8*$!
{
	archiveVersion = 1;
	classes = {
	};
	objectVersion = 50;
	objects = {

/* Begin PBXBuildFile section */
		4260FB7825FB2C1200F8A2F2 /* AppDelegate.swift in Sources */ = {isa = PBXBuildFile; fileRef = 4260FB7725FB2C1200F8A2F2 /* AppDelegate.swift */; };
		4260FB7A25FB2C1200F8A2F2 /* SceneDelegate.swift in Sources */ = {isa = PBXBuildFile; fileRef = 4260FB7925FB2C1200F8A2F2 /* SceneDelegate.swift */; };
		4260FB7C25FB2C1200F8A2F2 /* WWDCViewController.swift in Sources */ = {isa = PBXBuildFile; fileRef = 4260FB7B25FB2C1200F8A2F2 /* WWDCViewController.swift */; };
		4260FB7F25FB2C1200F8A2F2 /* Main.storyboard in Resources */ = {isa = PBXBuildFile; fileRef = 4260FB7D25FB2C1200F8A2F2 /* Main.storyboard */; };
		4260FB8125FB2C1300F8A2F2 /* Assets.xcassets in Resources */ = {isa = PBXBuildFile; fileRef = 4260FB8025FB2C1300F8A2F2 /* Assets.xcassets */; };
		4260FB8425FB2C1300F8A2F2 /* LaunchScreen.storyboard in Resources */ = {isa = PBXBuildFile; fileRef = 4260FB8225FB2C1300F8A2F2 /* LaunchScreen.storyboard */; };
		4260FB9A25FBC17F00F8A2F2 /* BigTableViewCell.swift in Sources */ = {isa = PBXBuildFile; fileRef = 4260FB9925FBC17F00F8A2F2 /* BigTableViewCell.swift */; };
		4260FBA225FBC7B400F8A2F2 /* BigTableViewController.xib in Resources */ = {isa = PBXBuildFile; fileRef = 4260FBA125FBC7B400F8A2F2 /* BigTableViewController.xib */; };
		4260FBA525FBFE1100F8A2F2 /* GoogleService-Info.plist in Resources */ = {isa = PBXBuildFile; fileRef = 4260FBA425FBFE1100F8A2F2 /* GoogleService-Info.plist */; };
		ECD617CD44C3D87C7FE84C56 /* Pods_WWDC.framework in Frameworks */ = {isa = PBXBuildFile; fileRef = B2E5B540A05BAD858BC9975B /* Pods_WWDC.framework */; };
/* End PBXBuildFile section */

/* Begin PBXFileReference section */
		09D528FFFF6D2E51EF05A842 /* Pods-WWDC.release.xcconfig */ = {isa = PBXFileReference; includeInIndex = 1; lastKnownFileType = text.xcconfig; name = "Pods-WWDC.release.xcconfig"; path = "Target Support Files/Pods-WWDC/Pods-WWDC.release.xcconfig"; sourceTree = "<group>"; };
		4260FB7425FB2C1200F8A2F2 /* WWDC.app */ = {isa = PBXFileReference; explicitFileType = wrapper.application; includeInIndex = 0; path = WWDC.app; sourceTree = BUILT_PRODUCTS_DIR; };
		4260FB7725FB2C1200F8A2F2 /* AppDelegate.swift */ = {isa = PBXFileReference; lastKnownFileType = sourcecode.swift; path = AppDelegate.swift; sourceTree = "<group>"; };
		4260FB7925FB2C1200F8A2F2 /* SceneDelegate.swift */ = {isa = PBXFileReference; lastKnownFileType = sourcecode.swift; path = SceneDelegate.swift; sourceTree = "<group>"; };
		4260FB7B25FB2C1200F8A2F2 /* WWDCViewController.swift */ = {isa = PBXFileReference; lastKnownFileType = sourcecode.swift; path = WWDCViewController.swift; sourceTree = "<group>"; };
		4260FB7E25FB2C1200F8A2F2 /* Base */ = {isa = PBXFileReference; lastKnownFileType = file.storyboard; name = Base; path = Base.lproj/Main.storyboard; sourceTree = "<group>"; };
		4260FB8025FB2C1300F8A2F2 /* Assets.xcassets */ = {isa = PBXFileReference; lastKnownFileType = folder.assetcatalog; path = Assets.xcassets; sourceTree = "<group>"; };
		4260FB8325FB2C1300F8A2F2 /* Base */ = {isa = PBXFileReference; lastKnownFileType = file.storyboard; name = Base; path = Base.lproj/LaunchScreen.storyboard; sourceTree = "<group>"; };
		4260FB8525FB2C1300F8A2F2 /* Info.plist */ = {isa = PBXFileReference; lastKnownFileType = text.plist.xml; path = Info.plist; sourceTree = "<group>"; };
		4260FB9925FBC17F00F8A2F2 /* BigTableViewCell.swift */ = {isa = PBXFileReference; lastKnownFileType = sourcecode.swift; path = BigTableViewCell.swift; sourceTree = "<group>"; };
		4260FBA125FBC7B400F8A2F2 /* BigTableViewController.xib */ = {isa = PBXFileReference; lastKnownFileType = file.xib; path = BigTableViewController.xib; sourceTree = "<group>"; };
		4260FBA425FBFE1100F8A2F2 /* GoogleService-Info.plist */ = {isa = PBXFileReference; fileEncoding = 4; lastKnownFileType = text.plist.xml; path = "GoogleService-Info.plist"; sourceTree = "<group>"; };
		8012DE7FC80742164A386121 /* Pods-WWDC.debug.xcconfig */ = {isa = PBXFileReference; includeInIndex = 1; lastKnownFileType = text.xcconfig; name = "Pods-WWDC.debug.xcconfig"; path = "Target Support Files/Pods-WWDC/Pods-WWDC.debug.xcconfig"; sourceTree = "<group>"; };
		B2E5B540A05BAD858BC9975B /* Pods_WWDC.framework */ = {isa = PBXFileReference; explicitFileType = wrapper.framework; includeInIndex = 0; path = Pods_WWDC.framework; sourceTree = BUILT_PRODUCTS_DIR; };
/* End PBXFileReference section */

/* Begin PBXFrameworksBuildPhase section */
		4260FB7125FB2C1200F8A2F2 /* Frameworks */ = {
			isa = PBXFrameworksBuildPhase;
			buildActionMask = 2147483647;
			files = (
				ECD617CD44C3D87C7FE84C56 /* Pods_WWDC.framework in Frameworks */,
			);
			runOnlyForDeploymentPostprocessing = 0;
		};
/* End PBXFrameworksBuildPhase section */

/* Begin PBXGroup section */
		2BF31C0E0CB049654C42CB2F /* Pods */ = {
			isa = PBXGroup;
			children = (
				8012DE7FC80742164A386121 /* Pods-WWDC.debug.xcconfig */,
				09D528FFFF6D2E51EF05A842 /* Pods-WWDC.release.xcconfig */,
			);
			name = Pods;
			path = Pods;
			sourceTree = "<group>";
		};
		4260FB6B25FB2C1200F8A2F2 = {
			isa = PBXGroup;
			children = (
				4260FB7625FB2C1200F8A2F2 /* WWDC */,
				4260FB7525FB2C1200F8A2F2 /* Products */,
				2BF31C0E0CB049654C42CB2F /* Pods */,
				590B6B44CB9BBB532218360D /* Frameworks */,
			);
			sourceTree = "<group>";
		};
		4260FB7525FB2C1200F8A2F2 /* Products */ = {
			isa = PBXGroup;
			children = (
				4260FB7425FB2C1200F8A2F2 /* WWDC.app */,
			);
			name = Products;
			sourceTree = "<group>";
		};
		4260FB7625FB2C1200F8A2F2 /* WWDC */ = {
			isa = PBXGroup;
			children = (
				4260FB9C25FBC37300F8A2F2 /* BigTableViewCell */,
				4260FB7725FB2C1200F8A2F2 /* AppDelegate.swift */,
				4260FB7925FB2C1200F8A2F2 /* SceneDelegate.swift */,
				4260FB7B25FB2C1200F8A2F2 /* WWDCViewController.swift */,
				4260FB7D25FB2C1200F8A2F2 /* Main.storyboard */,
				4260FB8025FB2C1300F8A2F2 /* Assets.xcassets */,
				4260FB8225FB2C1300F8A2F2 /* LaunchScreen.storyboard */,
				4260FB8525FB2C1300F8A2F2 /* Info.plist */,
				4260FBA425FBFE1100F8A2F2 /* GoogleService-Info.plist */,
			);
			path = WWDC;
			sourceTree = "<group>";
		};
		4260FB9C25FBC37300F8A2F2 /* BigTableViewCell */ = {
			isa = PBXGroup;
			children = (
				4260FB9925FBC17F00F8A2F2 /* BigTableViewCell.swift */,
				4260FBA125FBC7B400F8A2F2 /* BigTableViewController.xib */,
			);
			path = BigTableViewCell;
			sourceTree = "<group>";
		};
		590B6B44CB9BBB532218360D /* Frameworks */ = {
			isa = PBXGroup;
			children = (
				B2E5B540A05BAD858BC9975B /* Pods_WWDC.framework */,
			);
			name = Frameworks;
			sourceTree = "<group>";
		};
/* End PBXGroup section */

/* Begin PBXNativeTarget section */
		4260FB7325FB2C1200F8A2F2 /* WWDC */ = {
			isa = PBXNativeTarget;
			buildConfigurationList = 4260FB8825FB2C1300F8A2F2 /* Build configuration list for PBXNativeTarget "WWDC" */;
			buildPhases = (
				43FABEED64236F21965278B1 /* [CP] Check Pods Manifest.lock */,
				4260FB7025FB2C1200F8A2F2 /* Sources */,
				4260FB7125FB2C1200F8A2F2 /* Frameworks */,
				4260FB7225FB2C1200F8A2F2 /* Resources */,
				3E1EB8408B1C43C56E66ADEE /* [CP] Embed Pods Frameworks */,
			);
			buildRules = (
			);
			dependencies = (
			);
			name = WWDC;
			productName = WWDC;
			productReference = 4260FB7425FB2C1200F8A2F2 /* WWDC.app */;
			productType = "com.apple.product-type.application";
		};
/* End PBXNativeTarget section */

/* Begin PBXProject section */
		4260FB6C25FB2C1200F8A2F2 /* Project object */ = {
			isa = PBXProject;
			attributes = {
				LastSwiftUpdateCheck = 1240;
				LastUpgradeCheck = 1240;
				TargetAttributes = {
					4260FB7325FB2C1200F8A2F2 = {
						CreatedOnToolsVersion = 12.4;
					};
				};
			};
			buildConfigurationList = 4260FB6F25FB2C1200F8A2F2 /* Build configuration list for PBXProject "WWDC" */;
			compatibilityVersion = "Xcode 9.3";
			developmentRegion = en;
			hasScannedForEncodings = 0;
			knownRegions = (
				en,
				Base,
			);
			mainGroup = 4260FB6B25FB2C1200F8A2F2;
			productRefGroup = 4260FB7525FB2C1200F8A2F2 /* Products */;
			projectDirPath = "";
			projectRoot = "";
			targets = (
				4260FB7325FB2C1200F8A2F2 /* WWDC */,
			);
		};
/* End PBXProject section */

/* Begin PBXResourcesBuildPhase section */
		4260FB7225FB2C1200F8A2F2 /* Resources */ = {
			isa = PBXResourcesBuildPhase;
			buildActionMask = 2147483647;
			files = (
				4260FBA225FBC7B400F8A2F2 /* BigTableViewController.xib in Resources */,
				4260FB8425FB2C1300F8A2F2 /* LaunchScreen.storyboard in Resources */,
				4260FBA525FBFE1100F8A2F2 /* GoogleService-Info.plist in Resources */,
				4260FB8125FB2C1300F8A2F2 /* Assets.xcassets in Resources */,
				4260FB7F25FB2C1200F8A2F2 /* Main.storyboard in Resources */,
			);
			runOnlyForDeploymentPostprocessing = 0;
		};
/* End PBXResourcesBuildPhase section */

/* Begin PBXShellScriptBuildPhase section */
		3E1EB8408B1C43C56E66ADEE /* [CP] Embed Pods Frameworks */ = {
			isa = PBXShellScriptBuildPhase;
			buildActionMask = 2147483647;
			files = (
			);
			inputFileListPaths = (
				"${PODS_ROOT}/Target Support Files/Pods-WWDC/Pods-WWDC-frameworks-${CONFIGURATION}-input-files.xcfilelist",
			);
			name = "[CP] Embed Pods Frameworks";
			outputFileListPaths = (
				"${PODS_ROOT}/Target Support Files/Pods-WWDC/Pods-WWDC-frameworks-${CONFIGURATION}-output-files.xcfilelist",
			);
			runOnlyForDeploymentPostprocessing = 0;
			shellPath = /bin/sh;
			shellScript = "\"${PODS_ROOT}/Target Support Files/Pods-WWDC/Pods-WWDC-frameworks.sh\"\n";
			showEnvVarsInLog = 0;
		};
		43FABEED64236F21965278B1 /* [CP] Check Pods Manifest.lock */ = {
			isa = PBXShellScriptBuildPhase;
			buildActionMask = 2147483647;
			files = (
			);
			inputFileListPaths = (
			);
			inputPaths = (
				"${PODS_PODFILE_DIR_PATH}/Podfile.lock",
				"${PODS_ROOT}/Manifest.lock",
			);
			name = "[CP] Check Pods Manifest.lock";
			outputFileListPaths = (
			);
			outputPaths = (
				"$(DERIVED_FILE_DIR)/Pods-WWDC-checkManifestLockResult.txt",
			);
			runOnlyForDeploymentPostprocessing = 0;
			shellPath = /bin/sh;
			shellScript = "diff \"${PODS_PODFILE_DIR_PATH}/Podfile.lock\" \"${PODS_ROOT}/Manifest.lock\" > /dev/null\nif [ $? != 0 ] ; then\n    # print error to STDERR\n    echo \"error: The sandbox is not in sync with the Podfile.lock. Run 'pod install' or update your CocoaPods installation.\" >&2\n    exit 1\nfi\n# This output is used by Xcode 'outputs' to avoid re-running this script phase.\necho \"SUCCESS\" > \"${SCRIPT_OUTPUT_FILE_0}\"\n";
			showEnvVarsInLog = 0;
		};
/* End PBXShellScriptBuildPhase section */

/* Begin PBXSourcesBuildPhase section */
		4260FB7025FB2C1200F8A2F2 /* Sources */ = {
			isa = PBXSourcesBuildPhase;
			buildActionMask = 2147483647;
			files = (
				4260FB7C25FB2C1200F8A2F2 /* WWDCViewController.swift in Sources */,
				4260FB7825FB2C1200F8A2F2 /* AppDelegate.swift in Sources */,
				4260FB9A25FBC17F00F8A2F2 /* BigTableViewCell.swift in Sources */,
				4260FB7A25FB2C1200F8A2F2 /* SceneDelegate.swift in Sources */,
			);
			runOnlyForDeploymentPostprocessing = 0;
		};
/* End PBXSourcesBuildPhase section */

/* Begin PBXVariantGroup section */
		4260FB7D25FB2C1200F8A2F2 /* Main.storyboard */ = {
			isa = PBXVariantGroup;
			children = (
				4260FB7E25FB2C1200F8A2F2 /* Base */,
			);
			name = Main.storyboard;
			sourceTree = "<group>";
		};
		4260FB8225FB2C1300F8A2F2 /* LaunchScreen.storyboard */ = {
			isa = PBXVariantGroup;
			children = (
				4260FB8325FB2C1300F8A2F2 /* Base */,
			);
			name = LaunchScreen.storyboard;
			sourceTree = "<group>";
		};
/* End PBXVariantGroup section */

/* Begin XCBuildConfiguration section */
		4260FB8625FB2C1300F8A2F2 /* Debug */ = {
			isa = XCBuildConfiguration;
			buildSettings = {
				ALWAYS_SEARCH_USER_PATHS = NO;
				CLANG_ANALYZER_NONNULL = YES;
				CLANG_ANALYZER_NUMBER_OBJECT_CONVERSION = YES_AGGRESSIVE;
				CLANG_CXX_LANGUAGE_STANDARD = "gnu++14";
				CLANG_CXX_LIBRARY = "libc++";
				CLANG_ENABLE_MODULES = YES;
				CLANG_ENABLE_OBJC_ARC = YES;
				CLANG_ENABLE_OBJC_WEAK = YES;
				CLANG_WARN_BLOCK_CAPTURE_AUTORELEASING = YES;
				CLANG_WARN_BOOL_CONVERSION = YES;
				CLANG_WARN_COMMA = YES;
				CLANG_WARN_CONSTANT_CONVERSION = YES;
				CLANG_WARN_DEPRECATED_OBJC_IMPLEMENTATIONS = YES;
				CLANG_WARN_DIRECT_OBJC_ISA_USAGE = YES_ERROR;
				CLANG_WARN_DOCUMENTATION_COMMENTS = YES;
				CLANG_WARN_EMPTY_BODY = YES;
				CLANG_WARN_ENUM_CONVERSION = YES;
				CLANG_WARN_INFINITE_RECURSION = YES;
				CLANG_WARN_INT_CONVERSION = YES;
				CLANG_WARN_NON_LITERAL_NULL_CONVERSION = YES;
				CLANG_WARN_OBJC_IMPLICIT_RETAIN_SELF = YES;
				CLANG_WARN_OBJC_LITERAL_CONVERSION = YES;
				CLANG_WARN_OBJC_ROOT_CLASS = YES_ERROR;
				CLANG_WARN_QUOTED_INCLUDE_IN_FRAMEWORK_HEADER = YES;
				CLANG_WARN_RANGE_LOOP_ANALYSIS = YES;
				CLANG_WARN_STRICT_PROTOTYPES = YES;
				CLANG_WARN_SUSPICIOUS_MOVE = YES;
				CLANG_WARN_UNGUARDED_AVAILABILITY = YES_AGGRESSIVE;
				CLANG_WARN_UNREACHABLE_CODE = YES;
				CLANG_WARN__DUPLICATE_METHOD_MATCH = YES;
				COPY_PHASE_STRIP = NO;
				DEBUG_INFORMATION_FORMAT = dwarf;
				ENABLE_STRICT_OBJC_MSGSEND = YES;
				ENABLE_TESTABILITY = YES;
				GCC_C_LANGUAGE_STANDARD = gnu11;
				GCC_DYNAMIC_NO_PIC = NO;
				GCC_NO_COMMON_BLOCKS = YES;
				GCC_OPTIMIZATION_LEVEL = 0;
				GCC_PREPROCESSOR_DEFINITIONS = (
					"DEBUG=1",
					"$(inherited)",
				);
				GCC_WARN_64_TO_32_BIT_CONVERSION = YES;
				GCC_WARN_ABOUT_RETURN_TYPE = YES_ERROR;
				GCC_WARN_UNDECLARED_SELECTOR = YES;
				GCC_WARN_UNINITIALIZED_AUTOS = YES_AGGRESSIVE;
				GCC_WARN_UNUSED_FUNCTION = YES;
				GCC_WARN_UNUSED_VARIABLE = YES;
				IPHONEOS_DEPLOYMENT_TARGET = 14.4;
				MTL_ENABLE_DEBUG_INFO = INCLUDE_SOURCE;
				MTL_FAST_MATH = YES;
				ONLY_ACTIVE_ARCH = YES;
				SDKROOT = iphoneos;
				SWIFT_ACTIVE_COMPILATION_CONDITIONS = DEBUG;
				SWIFT_OPTIMIZATION_LEVEL = "-Onone";
			};
			name = Debug;
		};
		4260FB8725FB2C1300F8A2F2 /* Release */ = {
			isa = XCBuildConfiguration;
			buildSettings = {
				ALWAYS_SEARCH_USER_PATHS = NO;
				CLANG_ANALYZER_NONNULL = YES;
				CLANG_ANALYZER_NUMBER_OBJECT_CONVERSION = YES_AGGRESSIVE;
				CLANG_CXX_LANGUAGE_STANDARD = "gnu++14";
				CLANG_CXX_LIBRARY = "libc++";
				CLANG_ENABLE_MODULES = YES;
				CLANG_ENABLE_OBJC_ARC = YES;
				CLANG_ENABLE_OBJC_WEAK = YES;
				CLANG_WARN_BLOCK_CAPTURE_AUTORELEASING = YES;
				CLANG_WARN_BOOL_CONVERSION = YES;
				CLANG_WARN_COMMA = YES;
				CLANG_WARN_CONSTANT_CONVERSION = YES;
				CLANG_WARN_DEPRECATED_OBJC_IMPLEMENTATIONS = YES;
				CLANG_WARN_DIRECT_OBJC_ISA_USAGE = YES_ERROR;
				CLANG_WARN_DOCUMENTATION_COMMENTS = YES;
				CLANG_WARN_EMPTY_BODY = YES;
				CLANG_WARN_ENUM_CONVERSION = YES;
				CLANG_WARN_INFINITE_RECURSION = YES;
				CLANG_WARN_INT_CONVERSION = YES;
				CLANG_WARN_NON_LITERAL_NULL_CONVERSION = YES;
				CLANG_WARN_OBJC_IMPLICIT_RETAIN_SELF = YES;
				CLANG_WARN_OBJC_LITERAL_CONVERSION = YES;
				CLANG_WARN_OBJC_ROOT_CLASS = YES_ERROR;
				CLANG_WARN_QUOTED_INCLUDE_IN_FRAMEWORK_HEADER = YES;
				CLANG_WARN_RANGE_LOOP_ANALYSIS = YES;
				CLANG_WARN_STRICT_PROTOTYPES = YES;
				CLANG_WARN_SUSPICIOUS_MOVE = YES;
				CLANG_WARN_UNGUARDED_AVAILABILITY = YES_AGGRESSIVE;
				CLANG_WARN_UNREACHABLE_CODE = YES;
				CLANG_WARN__DUPLICATE_METHOD_MATCH = YES;
				COPY_PHASE_STRIP = NO;
				DEBUG_INFORMATION_FORMAT = "dwarf-with-dsym";
				ENABLE_NS_ASSERTIONS = NO;
				ENABLE_STRICT_OBJC_MSGSEND = YES;
				GCC_C_LANGUAGE_STANDARD = gnu11;
				GCC_NO_COMMON_BLOCKS = YES;
				GCC_WARN_64_TO_32_BIT_CONVERSION = YES;
				GCC_WARN_ABOUT_RETURN_TYPE = YES_ERROR;
				GCC_WARN_UNDECLARED_SELECTOR = YES;
				GCC_WARN_UNINITIALIZED_AUTOS = YES_AGGRESSIVE;
				GCC_WARN_UNUSED_FUNCTION = YES;
				GCC_WARN_UNUSED_VARIABLE = YES;
				IPHONEOS_DEPLOYMENT_TARGET = 14.4;
				MTL_ENABLE_DEBUG_INFO = NO;
				MTL_FAST_MATH = YES;
				SDKROOT = iphoneos;
				SWIFT_COMPILATION_MODE = wholemodule;
				SWIFT_OPTIMIZATION_LEVEL = "-O";
				VALIDATE_PRODUCT = YES;
			};
			name = Release;
		};
		4260FB8925FB2C1300F8A2F2 /* Debug */ = {
			isa = XCBuildConfiguration;
			baseConfigurationReference = 8012DE7FC80742164A386121 /* Pods-WWDC.debug.xcconfig */;
			buildSettings = {
				ASSETCATALOG_COMPILER_APPICON_NAME = AppIcon;
				ASSETCATALOG_COMPILER_GLOBAL_ACCENT_COLOR_NAME = AccentColor;
				CODE_SIGN_STYLE = Automatic;
				DEVELOPMENT_TEAM = 3SKDDX2P3U;
				INFOPLIST_FILE = WWDC/Info.plist;
				IPHONEOS_DEPLOYMENT_TARGET = 13.0;
				LD_RUNPATH_SEARCH_PATHS = (
					"$(inherited)",
					"@executable_path/Frameworks",
				);
				PRODUCT_BUNDLE_IDENTIFIER = com.robotdreams.WWDC;
				PRODUCT_NAME = "$(TARGET_NAME)";
				SWIFT_VERSION = 5.0;
				TARGETED_DEVICE_FAMILY = 1;
			};
			name = Debug;
		};
		4260FB8A25FB2C1300F8A2F2 /* Release */ = {
			isa = XCBuildConfiguration;
			baseConfigurationReference = 09D528FFFF6D2E51EF05A842 /* Pods-WWDC.release.xcconfig */;
			buildSettings = {
				ASSETCATALOG_COMPILER_APPICON_NAME = AppIcon;
				ASSETCATALOG_COMPILER_GLOBAL_ACCENT_COLOR_NAME = AccentColor;
				CODE_SIGN_STYLE = Automatic;
				DEVELOPMENT_TEAM = 3SKDDX2P3U;
				INFOPLIST_FILE = WWDC/Info.plist;
				IPHONEOS_DEPLOYMENT_TARGET = 13.0;
				LD_RUNPATH_SEARCH_PATHS = (
					"$(inherited)",
					"@executable_path/Frameworks",
				);
				PRODUCT_BUNDLE_IDENTIFIER = com.robotdreams.WWDC;
				PRODUCT_NAME = "$(TARGET_NAME)";
				SWIFT_VERSION = 5.0;
				TARGETED_DEVICE_FAMILY = 1;
			};
			name = Release;
		};
/* End XCBuildConfiguration section */

/* Begin XCConfigurationList section */
		4260FB6F25FB2C1200F8A2F2 /* Build configuration list for PBXProject "WWDC" */ = {
			isa = XCConfigurationList;
			buildConfigurations = (
				4260FB8625FB2C1300F8A2F2 /* Debug */,
				4260FB8725FB2C1300F8A2F2 /* Release */,
			);
			defaultConfigurationIsVisible = 0;
			defaultConfigurationName = Release;
		};
		4260FB8825FB2C1300F8A2F2 /* Build configuration list for PBXNativeTarget "WWDC" */ = {
			isa = XCConfigurationList;
			buildConfigurations = (
				4260FB8925FB2C1300F8A2F2 /* Debug */,
				4260FB8A25FB2C1300F8A2F2 /* Release */,
			);
			defaultConfigurationIsVisible = 0;
			defaultConfigurationName = Release;
		};
/* End XCConfigurationList section */
	};
	rootObject = 4260FB6C25FB2C1200F8A2F2 /* Project object */;
}
